
Microsoft Visual Studio Solution File, Format Version 12.00
# Visual Studio Version 17
VisualStudioVersion = 17.6.33513.286
MinimumVisualStudioVersion = 10.0.40219.1
Project("{FAE04EC0-301F-11D3-BF4B-00C04F79EFBC}") = "BackendApi", "BackendApi\BackendApi.csproj", "{9924C296-E201-4BB6-ABF1-27D956F9290C}"
EndProject
Project("{FAE04EC0-301F-11D3-BF4B-00C04F79EFBC}") = "FrontEnd", "FrontEnd\FrontEnd.csproj", "{F59BA1CD-4A85-422D-B1A4-B486283621EE}"
EndProject
Global
	GlobalSection(SolutionConfigurationPlatforms) = preSolution
		Debug|Any CPU = Debug|Any CPU
		Release|Any CPU = Release|Any CPU
	EndGlobalSection
	GlobalSection(ProjectConfigurationPlatforms) = postSolution
		{9924C296-E201-4BB6-ABF1-27D956F9290C}.Debug|Any CPU.ActiveCfg = Debug|Any CPU
		{9924C296-E201-4BB6-ABF1-27D956F9290C}.Debug|Any CPU.Build.0 = Debug|Any CPU
		{9924C296-E201-4BB6-ABF1-27D956F9290C}.Release|Any CPU.ActiveCfg = Release|Any CPU
		{9924C296-E201-4BB6-ABF1-27D956F9290C}.Release|Any CPU.Build.0 = Release|Any CPU
		{F59BA1CD-4A85-422D-B1A4-B486283621EE}.Debug|Any CPU.ActiveCfg = Debug|Any CPU
		{F59BA1CD-4A85-422D-B1A4-B486283621EE}.Debug|Any CPU.Build.0 = Debug|Any CPU
		{F59BA1CD-4A85-422D-B1A4-B486283621EE}.Release|Any CPU.ActiveCfg = Release|Any CPU
		{F59BA1CD-4A85-422D-B1A4-B486283621EE}.Release|Any CPU.Build.0 = Release|Any CPU
	EndGlobalSection
	GlobalSection(SolutionProperties) = preSolution
		HideSolutionNode = FALSE
	EndGlobalSection
	GlobalSection(ExtensibilityGlobals) = postSolution
		SolutionGuid = {F04B3C66-08DD-4A8E-88EA-B1CD8B82C535}
	EndGlobalSection
EndGlobal
