
Microsoft Visual Studio Solution File, Format Version 12.00
# Visual Studio Version 17
VisualStudioVersion = 17.5.33318.248
MinimumVisualStudioVersion = 10.0.40219.1
Project("{FAE04EC0-301F-11D3-BF4B-00C04F79EFBC}") = "Lommeregner", "Lommeregner\Lommeregner.csproj", "{DB3A27AC-6B67-443C-85D8-F7FAC83F7B47}"
EndProject
Project("{FAE04EC0-301F-11D3-BF4B-00C04F79EFBC}") = "WebApplication1", "WebApplication1\WebApplication1.csproj", "{3F93916C-6FDA-424A-B0AA-11AD0ABE317B}"
EndProject
Global
	GlobalSection(SolutionConfigurationPlatforms) = preSolution
		Debug|Any CPU = Debug|Any CPU
		Release|Any CPU = Release|Any CPU
	EndGlobalSection
	GlobalSection(ProjectConfigurationPlatforms) = postSolution
		{DB3A27AC-6B67-443C-85D8-F7FAC83F7B47}.Debug|Any CPU.ActiveCfg = Debug|Any CPU
		{DB3A27AC-6B67-443C-85D8-F7FAC83F7B47}.Debug|Any CPU.Build.0 = Debug|Any CPU
		{DB3A27AC-6B67-443C-85D8-F7FAC83F7B47}.Release|Any CPU.ActiveCfg = Release|Any CPU
		{DB3A27AC-6B67-443C-85D8-F7FAC83F7B47}.Release|Any CPU.Build.0 = Release|Any CPU
		{3F93916C-6FDA-424A-B0AA-11AD0ABE317B}.Debug|Any CPU.ActiveCfg = Debug|Any CPU
		{3F93916C-6FDA-424A-B0AA-11AD0ABE317B}.Debug|Any CPU.Build.0 = Debug|Any CPU
		{3F93916C-6FDA-424A-B0AA-11AD0ABE317B}.Release|Any CPU.ActiveCfg = Release|Any CPU
		{3F93916C-6FDA-424A-B0AA-11AD0ABE317B}.Release|Any CPU.Build.0 = Release|Any CPU
	EndGlobalSection
	GlobalSection(SolutionProperties) = preSolution
		HideSolutionNode = FALSE
	EndGlobalSection
	GlobalSection(ExtensibilityGlobals) = postSolution
		SolutionGuid = {55E02ABD-C531-4453-8325-E3F1A7022D4A}
	EndGlobalSection
EndGlobal
