
Microsoft Visual Studio Solution File, Format Version 12.00
# Visual Studio Version 17
VisualStudioVersion = 17.5.33318.248
MinimumVisualStudioVersion = 10.0.40219.1
Project("{9A19103F-16F7-4668-BE54-9A1E7A4F7556}") = "CleanArchitecture", "CleanArchitecture\CleanArchitecture.csproj", "{F047BCC4-B475-4006-AD31-9E1CA31A6568}"
EndProject
Global
	GlobalSection(SolutionConfigurationPlatforms) = preSolution
		Debug|Any CPU = Debug|Any CPU
		Release|Any CPU = Release|Any CPU
	EndGlobalSection
	GlobalSection(ProjectConfigurationPlatforms) = postSolution
		{F047BCC4-B475-4006-AD31-9E1CA31A6568}.Debug|Any CPU.ActiveCfg = Debug|Any CPU
		{F047BCC4-B475-4006-AD31-9E1CA31A6568}.Debug|Any CPU.Build.0 = Debug|Any CPU
		{F047BCC4-B475-4006-AD31-9E1CA31A6568}.Release|Any CPU.ActiveCfg = Release|Any CPU
		{F047BCC4-B475-4006-AD31-9E1CA31A6568}.Release|Any CPU.Build.0 = Release|Any CPU
	EndGlobalSection
	GlobalSection(SolutionProperties) = preSolution
		HideSolutionNode = FALSE
	EndGlobalSection
	GlobalSection(ExtensibilityGlobals) = postSolution
		SolutionGuid = {A7542BCF-D95E-43B7-99BE-CD707585BA32}
	EndGlobalSection
EndGlobal
