
Microsoft Visual Studio Solution File, Format Version 12.00
# Visual Studio Version 17
VisualStudioVersion = 17.6.33626.354
MinimumVisualStudioVersion = 10.0.40219.1
Project("{2150E333-8FDC-42A3-9474-1A3956D46DE8}") = "WebPage", "WebPage", "{D9E84048-41C6-4016-9222-BD265514CF09}"
	ProjectSection(SolutionItems) = preProject
		CORSHTMLPage.html = CORSHTMLPage.html
	EndProjectSection
EndProject
Project("{FAE04EC0-301F-11D3-BF4B-00C04F79EFBC}") = "CorsApiDemo", "CorsApiDemo\CorsApiDemo.csproj", "{4F878FD7-6B32-44CA-AB00-FBCAA7BF50B8}"
EndProject
Global
	GlobalSection(SolutionConfigurationPlatforms) = preSolution
		Debug|Any CPU = Debug|Any CPU
		Release|Any CPU = Release|Any CPU
	EndGlobalSection
	GlobalSection(ProjectConfigurationPlatforms) = postSolution
		{4F878FD7-6B32-44CA-AB00-FBCAA7BF50B8}.Debug|Any CPU.ActiveCfg = Debug|Any CPU
		{4F878FD7-6B32-44CA-AB00-FBCAA7BF50B8}.Debug|Any CPU.Build.0 = Debug|Any CPU
		{4F878FD7-6B32-44CA-AB00-FBCAA7BF50B8}.Release|Any CPU.ActiveCfg = Release|Any CPU
		{4F878FD7-6B32-44CA-AB00-FBCAA7BF50B8}.Release|Any CPU.Build.0 = Release|Any CPU
	EndGlobalSection
	GlobalSection(SolutionProperties) = preSolution
		HideSolutionNode = FALSE
	EndGlobalSection
	GlobalSection(ExtensibilityGlobals) = postSolution
		SolutionGuid = {4564EABA-91E1-4450-BFC0-2A02329CF752}
	EndGlobalSection
EndGlobal
