
Microsoft Visual Studio Solution File, Format Version 12.00
# Visual Studio Version 17
VisualStudioVersion = 17.6.33513.286
MinimumVisualStudioVersion = 10.0.40219.1
Project("{FAE04EC0-301F-11D3-BF4B-00C04F79EFBC}") = "DisconnecedEnitities", "DisconnecedEnitities\DisconnecedEnitities.csproj", "{4E45B6F3-40B7-4EC4-AA1A-89E5ADAB361C}"
EndProject
Global
	GlobalSection(SolutionConfigurationPlatforms) = preSolution
		Debug|Any CPU = Debug|Any CPU
		Release|Any CPU = Release|Any CPU
	EndGlobalSection
	GlobalSection(ProjectConfigurationPlatforms) = postSolution
		{4E45B6F3-40B7-4EC4-AA1A-89E5ADAB361C}.Debug|Any CPU.ActiveCfg = Debug|Any CPU
		{4E45B6F3-40B7-4EC4-AA1A-89E5ADAB361C}.Debug|Any CPU.Build.0 = Debug|Any CPU
		{4E45B6F3-40B7-4EC4-AA1A-89E5ADAB361C}.Release|Any CPU.ActiveCfg = Release|Any CPU
		{4E45B6F3-40B7-4EC4-AA1A-89E5ADAB361C}.Release|Any CPU.Build.0 = Release|Any CPU
	EndGlobalSection
	GlobalSection(SolutionProperties) = preSolution
		HideSolutionNode = FALSE
	EndGlobalSection
	GlobalSection(ExtensibilityGlobals) = postSolution
		SolutionGuid = {C44991B6-3808-4168-B9D4-93E111E8270D}
	EndGlobalSection
EndGlobal
