
Microsoft Visual Studio Solution File, Format Version 12.00
# Visual Studio Version 17
VisualStudioVersion = 17.5.33402.96
MinimumVisualStudioVersion = 10.0.40219.1
Project("{FAE04EC0-301F-11D3-BF4B-00C04F79EFBC}") = "EfDemo.Api", "EfDemo.Api\EfDemo.Api.csproj", "{2D5740A6-6502-46C9-B735-4B54C045CFCE}"
EndProject
Global
	GlobalSection(SolutionConfigurationPlatforms) = preSolution
		Debug|Any CPU = Debug|Any CPU
		Release|Any CPU = Release|Any CPU
	EndGlobalSection
	GlobalSection(ProjectConfigurationPlatforms) = postSolution
		{2D5740A6-6502-46C9-B735-4B54C045CFCE}.Debug|Any CPU.ActiveCfg = Debug|Any CPU
		{2D5740A6-6502-46C9-B735-4B54C045CFCE}.Debug|Any CPU.Build.0 = Debug|Any CPU
		{2D5740A6-6502-46C9-B735-4B54C045CFCE}.Release|Any CPU.ActiveCfg = Release|Any CPU
		{2D5740A6-6502-46C9-B735-4B54C045CFCE}.Release|Any CPU.Build.0 = Release|Any CPU
	EndGlobalSection
	GlobalSection(SolutionProperties) = preSolution
		HideSolutionNode = FALSE
	EndGlobalSection
	GlobalSection(ExtensibilityGlobals) = postSolution
		SolutionGuid = {FBF3E9D0-DB4E-4B61-BFA1-522CB7D7277E}
	EndGlobalSection
EndGlobal
